
Microsoft Visual Studio Solution File, Format Version 12.00
# Visual Studio Version 17
VisualStudioVersion = 17.0.31903.59
MinimumVisualStudioVersion = 10.0.40219.1
Project("{FAE04EC0-301F-11D3-BF4B-00C04F79EFBC}") = "Movies.Api", "Movies.Api\Movies.Api.csproj", "{1D02BBA7-F070-4BE5-9389-8293606C00AA}"
EndProject
Project("{FAE04EC0-301F-11D3-BF4B-00C04F79EFBC}") = "Movies.Contracts", "Movies.Contracts\Movies.Contracts.csproj", "{83AF93ED-8796-4054-887E-0D0CC3365A87}"
EndProject
Project("{FAE04EC0-301F-11D3-BF4B-00C04F79EFBC}") = "Movies.Application", "Movies.Application\Movies.Application.csproj", "{40159F7C-DE3C-4835-BB55-38A3FB706D10}"
EndProject
Global
	GlobalSection(SolutionConfigurationPlatforms) = preSolution
		Debug|Any CPU = Debug|Any CPU
		Release|Any CPU = Release|Any CPU
	EndGlobalSection
	GlobalSection(SolutionProperties) = preSolution
		HideSolutionNode = FALSE
	EndGlobalSection
	GlobalSection(ProjectConfigurationPlatforms) = postSolution
		{1D02BBA7-F070-4BE5-9389-8293606C00AA}.Debug|Any CPU.ActiveCfg = Debug|Any CPU
		{1D02BBA7-F070-4BE5-9389-8293606C00AA}.Debug|Any CPU.Build.0 = Debug|Any CPU
		{1D02BBA7-F070-4BE5-9389-8293606C00AA}.Release|Any CPU.ActiveCfg = Release|Any CPU
		{1D02BBA7-F070-4BE5-9389-8293606C00AA}.Release|Any CPU.Build.0 = Release|Any CPU
		{83AF93ED-8796-4054-887E-0D0CC3365A87}.Debug|Any CPU.ActiveCfg = Debug|Any CPU
		{83AF93ED-8796-4054-887E-0D0CC3365A87}.Debug|Any CPU.Build.0 = Debug|Any CPU
		{83AF93ED-8796-4054-887E-0D0CC3365A87}.Release|Any CPU.ActiveCfg = Release|Any CPU
		{83AF93ED-8796-4054-887E-0D0CC3365A87}.Release|Any CPU.Build.0 = Release|Any CPU
		{40159F7C-DE3C-4835-BB55-38A3FB706D10}.Debug|Any CPU.ActiveCfg = Debug|Any CPU
		{40159F7C-DE3C-4835-BB55-38A3FB706D10}.Debug|Any CPU.Build.0 = Debug|Any CPU
		{40159F7C-DE3C-4835-BB55-38A3FB706D10}.Release|Any CPU.ActiveCfg = Release|Any CPU
		{40159F7C-DE3C-4835-BB55-38A3FB706D10}.Release|Any CPU.Build.0 = Release|Any CPU
	EndGlobalSection
EndGlobal
